// !$*UTF8*$!
{
	archiveVersion = 1;
	classes = {
	};
	objectVersion = 55;
	objects = {

/* Begin PBXBuildFile section */
		6A63D45027992C430013ADE6 /* NewTweetView.swift in Sources */ = {isa = PBXBuildFile; fileRef = 6A63D44F27992C430013ADE6 /* NewTweetView.swift */; };
		6A63D452279930990013ADE6 /* TextArea.swift in Sources */ = {isa = PBXBuildFile; fileRef = 6A63D451279930990013ADE6 /* TextArea.swift */; };
		6A63D457279938210013ADE6 /* LoginView.swift in Sources */ = {isa = PBXBuildFile; fileRef = 6A63D456279938210013ADE6 /* LoginView.swift */; };
		6A63D459279938320013ADE6 /* RegistrationView.swift in Sources */ = {isa = PBXBuildFile; fileRef = 6A63D458279938320013ADE6 /* RegistrationView.swift */; };
		6A63D45B27993C190013ADE6 /* Bordes.swift in Sources */ = {isa = PBXBuildFile; fileRef = 6A63D45A27993C190013ADE6 /* Bordes.swift */; };
		6AF01A9C279138C200F3A901 /* TwitterApp.swift in Sources */ = {isa = PBXBuildFile; fileRef = 6AF01A9B279138C200F3A901 /* TwitterApp.swift */; };
		6AF01A9E279138C200F3A901 /* ContentView.swift in Sources */ = {isa = PBXBuildFile; fileRef = 6AF01A9D279138C200F3A901 /* ContentView.swift */; };
		6AF01AA0279138C400F3A901 /* Assets.xcassets in Resources */ = {isa = PBXBuildFile; fileRef = 6AF01A9F279138C400F3A901 /* Assets.xcassets */; };
		6AF01AA3279138C400F3A901 /* Preview Assets.xcassets in Resources */ = {isa = PBXBuildFile; fileRef = 6AF01AA2279138C400F3A901 /* Preview Assets.xcassets */; };
		6AF01AB5279139CD00F3A901 /* FeedView.swift in Sources */ = {isa = PBXBuildFile; fileRef = 6AF01AB4279139CD00F3A901 /* FeedView.swift */; };
		6AF01AB827913B1500F3A901 /* TweetsRowView.swift in Sources */ = {isa = PBXBuildFile; fileRef = 6AF01AB727913B1500F3A901 /* TweetsRowView.swift */; };
		6AF01ABC279204D200F3A901 /* MainTabView.swift in Sources */ = {isa = PBXBuildFile; fileRef = 6AF01ABB279204D200F3A901 /* MainTabView.swift */; };
		6AF01AC3279206B200F3A901 /* ExploreView.swift in Sources */ = {isa = PBXBuildFile; fileRef = 6AF01AC2279206B200F3A901 /* ExploreView.swift */; };
		6AF01AC5279206E700F3A901 /* NotificactionsView.swift in Sources */ = {isa = PBXBuildFile; fileRef = 6AF01AC4279206E700F3A901 /* NotificactionsView.swift */; };
		6AF01AC72792070100F3A901 /* ProfileView.swift in Sources */ = {isa = PBXBuildFile; fileRef = 6AF01AC62792070100F3A901 /* ProfileView.swift */; };
		6AF01ACA2792077D00F3A901 /* MessagesView.swift in Sources */ = {isa = PBXBuildFile; fileRef = 6AF01AC92792077D00F3A901 /* MessagesView.swift */; };
		6AF01ACE2795F08B00F3A901 /* TweetFilterViewModel.swift in Sources */ = {isa = PBXBuildFile; fileRef = 6AF01ACD2795F08B00F3A901 /* TweetFilterViewModel.swift */; };
		6AF01AD3279618CB00F3A901 /* UserRowView.swift in Sources */ = {isa = PBXBuildFile; fileRef = 6AF01AD2279618CB00F3A901 /* UserRowView.swift */; };
		6AF01AD827969A8500F3A901 /* SlideMenuView.swift in Sources */ = {isa = PBXBuildFile; fileRef = 6AF01AD727969A8500F3A901 /* SlideMenuView.swift */; };
		6AF01ADA27969A9200F3A901 /* SlideMenuRowView.swift in Sources */ = {isa = PBXBuildFile; fileRef = 6AF01AD927969A9200F3A901 /* SlideMenuRowView.swift */; };
		6AF01ADC27969AA900F3A901 /* SlideMenuViewModel.swift in Sources */ = {isa = PBXBuildFile; fileRef = 6AF01ADB27969AA900F3A901 /* SlideMenuViewModel.swift */; };
		6AF01ADE27969FED00F3A901 /* UserStatsView.swift in Sources */ = {isa = PBXBuildFile; fileRef = 6AF01ADD27969FEC00F3A901 /* UserStatsView.swift */; };
/* End PBXBuildFile section */

/* Begin PBXFileReference section */
		6A63D44F27992C430013ADE6 /* NewTweetView.swift */ = {isa = PBXFileReference; lastKnownFileType = sourcecode.swift; path = NewTweetView.swift; sourceTree = "<group>"; };
		6A63D451279930990013ADE6 /* TextArea.swift */ = {isa = PBXFileReference; lastKnownFileType = sourcecode.swift; path = TextArea.swift; sourceTree = "<group>"; };
		6A63D456279938210013ADE6 /* LoginView.swift */ = {isa = PBXFileReference; lastKnownFileType = sourcecode.swift; path = LoginView.swift; sourceTree = "<group>"; };
		6A63D458279938320013ADE6 /* RegistrationView.swift */ = {isa = PBXFileReference; lastKnownFileType = sourcecode.swift; path = RegistrationView.swift; sourceTree = "<group>"; };
		6A63D45A27993C190013ADE6 /* Bordes.swift */ = {isa = PBXFileReference; lastKnownFileType = sourcecode.swift; path = Bordes.swift; sourceTree = "<group>"; };
		6AF01A98279138C200F3A901 /* Twitter.app */ = {isa = PBXFileReference; explicitFileType = wrapper.application; includeInIndex = 0; path = Twitter.app; sourceTree = BUILT_PRODUCTS_DIR; };
		6AF01A9B279138C200F3A901 /* TwitterApp.swift */ = {isa = PBXFileReference; lastKnownFileType = sourcecode.swift; path = TwitterApp.swift; sourceTree = "<group>"; };
		6AF01A9D279138C200F3A901 /* ContentView.swift */ = {isa = PBXFileReference; lastKnownFileType = sourcecode.swift; path = ContentView.swift; sourceTree = "<group>"; };
		6AF01A9F279138C400F3A901 /* Assets.xcassets */ = {isa = PBXFileReference; lastKnownFileType = folder.assetcatalog; path = Assets.xcassets; sourceTree = "<group>"; };
		6AF01AA2279138C400F3A901 /* Preview Assets.xcassets */ = {isa = PBXFileReference; lastKnownFileType = folder.assetcatalog; path = "Preview Assets.xcassets"; sourceTree = "<group>"; };
		6AF01AB4279139CD00F3A901 /* FeedView.swift */ = {isa = PBXFileReference; lastKnownFileType = sourcecode.swift; path = FeedView.swift; sourceTree = "<group>"; };
		6AF01AB727913B1500F3A901 /* TweetsRowView.swift */ = {isa = PBXFileReference; lastKnownFileType = sourcecode.swift; path = TweetsRowView.swift; sourceTree = "<group>"; };
		6AF01ABB279204D200F3A901 /* MainTabView.swift */ = {isa = PBXFileReference; lastKnownFileType = sourcecode.swift; path = MainTabView.swift; sourceTree = "<group>"; };
		6AF01AC2279206B200F3A901 /* ExploreView.swift */ = {isa = PBXFileReference; lastKnownFileType = sourcecode.swift; path = ExploreView.swift; sourceTree = "<group>"; };
		6AF01AC4279206E700F3A901 /* NotificactionsView.swift */ = {isa = PBXFileReference; lastKnownFileType = sourcecode.swift; path = NotificactionsView.swift; sourceTree = "<group>"; };
		6AF01AC62792070100F3A901 /* ProfileView.swift */ = {isa = PBXFileReference; lastKnownFileType = sourcecode.swift; path = ProfileView.swift; sourceTree = "<group>"; };
		6AF01AC92792077D00F3A901 /* MessagesView.swift */ = {isa = PBXFileReference; lastKnownFileType = sourcecode.swift; path = MessagesView.swift; sourceTree = "<group>"; };
		6AF01ACD2795F08B00F3A901 /* TweetFilterViewModel.swift */ = {isa = PBXFileReference; lastKnownFileType = sourcecode.swift; path = TweetFilterViewModel.swift; sourceTree = "<group>"; };
		6AF01AD2279618CB00F3A901 /* UserRowView.swift */ = {isa = PBXFileReference; lastKnownFileType = sourcecode.swift; path = UserRowView.swift; sourceTree = "<group>"; };
		6AF01AD727969A8500F3A901 /* SlideMenuView.swift */ = {isa = PBXFileReference; lastKnownFileType = sourcecode.swift; path = SlideMenuView.swift; sourceTree = "<group>"; };
		6AF01AD927969A9200F3A901 /* SlideMenuRowView.swift */ = {isa = PBXFileReference; lastKnownFileType = sourcecode.swift; path = SlideMenuRowView.swift; sourceTree = "<group>"; };
		6AF01ADB27969AA900F3A901 /* SlideMenuViewModel.swift */ = {isa = PBXFileReference; lastKnownFileType = sourcecode.swift; path = SlideMenuViewModel.swift; sourceTree = "<group>"; };
		6AF01ADD27969FEC00F3A901 /* UserStatsView.swift */ = {isa = PBXFileReference; lastKnownFileType = sourcecode.swift; path = UserStatsView.swift; sourceTree = "<group>"; };
/* End PBXFileReference section */

/* Begin PBXFrameworksBuildPhase section */
		6AF01A95279138C200F3A901 /* Frameworks */ = {
			isa = PBXFrameworksBuildPhase;
			buildActionMask = 2147483647;
			files = (
			);
			runOnlyForDeploymentPostprocessing = 0;
		};
/* End PBXFrameworksBuildPhase section */

/* Begin PBXGroup section */
		6A63D44C27992C070013ADE6 /* UploadTweet */ = {
			isa = PBXGroup;
			children = (
				6A63D44E27992C1B0013ADE6 /* ViewModel */,
				6A63D44D27992C150013ADE6 /* View */,
			);
			path = UploadTweet;
			sourceTree = "<group>";
		};
		6A63D44D27992C150013ADE6 /* View */ = {
			isa = PBXGroup;
			children = (
				6A63D44F27992C430013ADE6 /* NewTweetView.swift */,
			);
			path = View;
			sourceTree = "<group>";
		};
		6A63D44E27992C1B0013ADE6 /* ViewModel */ = {
			isa = PBXGroup;
			children = (
			);
			name = ViewModel;
			sourceTree = "<group>";
		};
		6A63D453279937EE0013ADE6 /* Authentication */ = {
			isa = PBXGroup;
			children = (
				6A63D455279938060013ADE6 /* ViewModel */,
				6A63D454279937FF0013ADE6 /* Views */,
			);
			name = Authentication;
			sourceTree = "<group>";
		};
		6A63D454279937FF0013ADE6 /* Views */ = {
			isa = PBXGroup;
			children = (
				6A63D456279938210013ADE6 /* LoginView.swift */,
				6A63D458279938320013ADE6 /* RegistrationView.swift */,
			);
			path = Views;
			sourceTree = "<group>";
		};
		6A63D455279938060013ADE6 /* ViewModel */ = {
			isa = PBXGroup;
			children = (
			);
			name = ViewModel;
			sourceTree = "<group>";
		};
		6AF01A8F279138C200F3A901 = {
			isa = PBXGroup;
			children = (
				6AF01A9A279138C200F3A901 /* Twitter */,
				6AF01A99279138C200F3A901 /* Products */,
			);
			sourceTree = "<group>";
		};
		6AF01A99279138C200F3A901 /* Products */ = {
			isa = PBXGroup;
			children = (
				6AF01A98279138C200F3A901 /* Twitter.app */,
			);
			name = Products;
			sourceTree = "<group>";
		};
		6AF01A9A279138C200F3A901 /* Twitter */ = {
			isa = PBXGroup;
			children = (
				6AF01AAF2791395800F3A901 /* Extensions */,
				6AF01AAE2791395000F3A901 /* Model */,
				6AF01AAD2791394700F3A901 /* Service */,
				6AF01AAC2791394000F3A901 /* Core */,
				6AF01A9B279138C200F3A901 /* TwitterApp.swift */,
				6AF01A9D279138C200F3A901 /* ContentView.swift */,
				6AF01A9F279138C400F3A901 /* Assets.xcassets */,
				6AF01AA1279138C400F3A901 /* Preview Content */,
			);
			path = Twitter;
			sourceTree = "<group>";
		};
		6AF01AA1279138C400F3A901 /* Preview Content */ = {
			isa = PBXGroup;
			children = (
				6AF01AA2279138C400F3A901 /* Preview Assets.xcassets */,
			);
			path = "Preview Content";
			sourceTree = "<group>";
		};
		6AF01AAC2791394000F3A901 /* Core */ = {
			isa = PBXGroup;
			children = (
				6A63D453279937EE0013ADE6 /* Authentication */,
				6A63D44C27992C070013ADE6 /* UploadTweet */,
				6AF01AD42796996800F3A901 /* SlideMenu */,
				6AF01AC82792076A00F3A901 /* Messages */,
				6AF01ABF2792065F00F3A901 /* Profile */,
				6AF01ABE2792065700F3A901 /* Explore */,
				6AF01ABD2792064B00F3A901 /* Notifications */,
				6AF01AB9279204B400F3A901 /* MainTab */,
				6AF01AB12791396C00F3A901 /* Components */,
				6AF01AB02791396400F3A901 /* Feed */,
			);
			path = Core;
			sourceTree = "<group>";
		};
		6AF01AAD2791394700F3A901 /* Service */ = {
			isa = PBXGroup;
			children = (
			);
			path = Service;
			sourceTree = "<group>";
		};
		6AF01AAE2791395000F3A901 /* Model */ = {
			isa = PBXGroup;
			children = (
			);
			path = Model;
			sourceTree = "<group>";
		};
		6AF01AAF2791395800F3A901 /* Extensions */ = {
			isa = PBXGroup;
			children = (
			);
			path = Extensions;
			sourceTree = "<group>";
		};
		6AF01AB02791396400F3A901 /* Feed */ = {
			isa = PBXGroup;
			children = (
				6AF01AB3279139A000F3A901 /* ViewModel */,
				6AF01AB22791399800F3A901 /* View */,
			);
			name = Feed;
			sourceTree = "<group>";
		};
		6AF01AB12791396C00F3A901 /* Components */ = {
			isa = PBXGroup;
			children = (
				6AF01AD12796189B00F3A901 /* User */,
				6AF01AB627913AFF00F3A901 /* Tweets */,
			);
			path = Components;
			sourceTree = "<group>";
		};
		6AF01AB22791399800F3A901 /* View */ = {
			isa = PBXGroup;
			children = (
				6AF01AB4279139CD00F3A901 /* FeedView.swift */,
			);
			name = View;
			sourceTree = "<group>";
		};
		6AF01AB3279139A000F3A901 /* ViewModel */ = {
			isa = PBXGroup;
			children = (
			);
			path = ViewModel;
			sourceTree = "<group>";
		};
		6AF01AB627913AFF00F3A901 /* Tweets */ = {
			isa = PBXGroup;
			children = (
				6AF01AB727913B1500F3A901 /* TweetsRowView.swift */,
				6A63D451279930990013ADE6 /* TextArea.swift */,
				6A63D45A27993C190013ADE6 /* Bordes.swift */,
			);
			name = Tweets;
			sourceTree = "<group>";
		};
		6AF01AB9279204B400F3A901 /* MainTab */ = {
			isa = PBXGroup;
			children = (
				6AF01ABB279204D200F3A901 /* MainTabView.swift */,
			);
			path = MainTab;
			sourceTree = "<group>";
		};
		6AF01ABD2792064B00F3A901 /* Notifications */ = {
			isa = PBXGroup;
			children = (
				6AF01AC4279206E700F3A901 /* NotificactionsView.swift */,
			);
			path = Notifications;
			sourceTree = "<group>";
		};
		6AF01ABE2792065700F3A901 /* Explore */ = {
			isa = PBXGroup;
			children = (
				6AF01AD0279617CC00F3A901 /* ViewModel */,
				6AF01ACF279617C000F3A901 /* View */,
			);
			path = Explore;
			sourceTree = "<group>";
		};
		6AF01ABF2792065F00F3A901 /* Profile */ = {
			isa = PBXGroup;
			children = (
				6AF01ACC27921D9800F3A901 /* ViewModel */,
				6AF01ACB27921D9100F3A901 /* View */,
			);
			path = Profile;
			sourceTree = "<group>";
		};
		6AF01AC82792076A00F3A901 /* Messages */ = {
			isa = PBXGroup;
			children = (
				6AF01AC92792077D00F3A901 /* MessagesView.swift */,
			);
			path = Messages;
			sourceTree = "<group>";
		};
		6AF01ACB27921D9100F3A901 /* View */ = {
			isa = PBXGroup;
			children = (
				6AF01AC62792070100F3A901 /* ProfileView.swift */,
			);
			name = View;
			sourceTree = "<group>";
		};
		6AF01ACC27921D9800F3A901 /* ViewModel */ = {
			isa = PBXGroup;
			children = (
				6AF01ACD2795F08B00F3A901 /* TweetFilterViewModel.swift */,
			);
			path = ViewModel;
			sourceTree = "<group>";
		};
		6AF01ACF279617C000F3A901 /* View */ = {
			isa = PBXGroup;
			children = (
				6AF01AC2279206B200F3A901 /* ExploreView.swift */,
			);
			path = View;
			sourceTree = "<group>";
		};
		6AF01AD0279617CC00F3A901 /* ViewModel */ = {
			isa = PBXGroup;
			children = (
			);
			path = ViewModel;
			sourceTree = "<group>";
		};
		6AF01AD12796189B00F3A901 /* User */ = {
			isa = PBXGroup;
			children = (
				6AF01AD2279618CB00F3A901 /* UserRowView.swift */,
				6AF01ADD27969FEC00F3A901 /* UserStatsView.swift */,
			);
			name = User;
			sourceTree = "<group>";
		};
		6AF01AD42796996800F3A901 /* SlideMenu */ = {
			isa = PBXGroup;
			children = (
				6AF01AD62796997900F3A901 /* ViewModel */,
				6AF01AD52796997200F3A901 /* Views */,
			);
			path = SlideMenu;
			sourceTree = "<group>";
		};
		6AF01AD52796997200F3A901 /* Views */ = {
			isa = PBXGroup;
			children = (
				6AF01AD727969A8500F3A901 /* SlideMenuView.swift */,
				6AF01AD927969A9200F3A901 /* SlideMenuRowView.swift */,
			);
			name = Views;
			sourceTree = "<group>";
		};
		6AF01AD62796997900F3A901 /* ViewModel */ = {
			isa = PBXGroup;
			children = (
				6AF01ADB27969AA900F3A901 /* SlideMenuViewModel.swift */,
			);
			path = ViewModel;
			sourceTree = "<group>";
		};
/* End PBXGroup section */

/* Begin PBXNativeTarget section */
		6AF01A97279138C200F3A901 /* Twitter */ = {
			isa = PBXNativeTarget;
			buildConfigurationList = 6AF01AA6279138C400F3A901 /* Build configuration list for PBXNativeTarget "Twitter" */;
			buildPhases = (
				6AF01A94279138C200F3A901 /* Sources */,
				6AF01A95279138C200F3A901 /* Frameworks */,
				6AF01A96279138C200F3A901 /* Resources */,
			);
			buildRules = (
			);
			dependencies = (
			);
			name = Twitter;
			productName = Twitter;
			productReference = 6AF01A98279138C200F3A901 /* Twitter.app */;
			productType = "com.apple.product-type.application";
		};
/* End PBXNativeTarget section */

/* Begin PBXProject section */
		6AF01A90279138C200F3A901 /* Project object */ = {
			isa = PBXProject;
			attributes = {
				BuildIndependentTargetsInParallel = 1;
				LastSwiftUpdateCheck = 1320;
				LastUpgradeCheck = 1320;
				TargetAttributes = {
					6AF01A97279138C200F3A901 = {
						CreatedOnToolsVersion = 13.2.1;
					};
				};
			};
			buildConfigurationList = 6AF01A93279138C200F3A901 /* Build configuration list for PBXProject "Twitter" */;
			compatibilityVersion = "Xcode 13.0";
			developmentRegion = en;
			hasScannedForEncodings = 0;
			knownRegions = (
				en,
				Base,
			);
			mainGroup = 6AF01A8F279138C200F3A901;
			productRefGroup = 6AF01A99279138C200F3A901 /* Products */;
			projectDirPath = "";
			projectRoot = "";
			targets = (
				6AF01A97279138C200F3A901 /* Twitter */,
			);
		};
/* End PBXProject section */

/* Begin PBXResourcesBuildPhase section */
		6AF01A96279138C200F3A901 /* Resources */ = {
			isa = PBXResourcesBuildPhase;
			buildActionMask = 2147483647;
			files = (
				6AF01AA3279138C400F3A901 /* Preview Assets.xcassets in Resources */,
				6AF01AA0279138C400F3A901 /* Assets.xcassets in Resources */,
			);
			runOnlyForDeploymentPostprocessing = 0;
		};
/* End PBXResourcesBuildPhase section */

/* Begin PBXSourcesBuildPhase section */
		6AF01A94279138C200F3A901 /* Sources */ = {
			isa = PBXSourcesBuildPhase;
			buildActionMask = 2147483647;
			files = (
				6AF01AC72792070100F3A901 /* ProfileView.swift in Sources */,
				6AF01A9E279138C200F3A901 /* ContentView.swift in Sources */,
				6AF01ADA27969A9200F3A901 /* SlideMenuRowView.swift in Sources */,
				6AF01ACA2792077D00F3A901 /* MessagesView.swift in Sources */,
				6AF01AB827913B1500F3A901 /* TweetsRowView.swift in Sources */,
				6AF01ADC27969AA900F3A901 /* SlideMenuViewModel.swift in Sources */,
				6A63D45B27993C190013ADE6 /* Bordes.swift in Sources */,
				6AF01ACE2795F08B00F3A901 /* TweetFilterViewModel.swift in Sources */,
				6AF01AB5279139CD00F3A901 /* FeedView.swift in Sources */,
				6AF01A9C279138C200F3A901 /* TwitterApp.swift in Sources */,
				6AF01AC3279206B200F3A901 /* ExploreView.swift in Sources */,
				6A63D452279930990013ADE6 /* TextArea.swift in Sources */,
				6AF01AD3279618CB00F3A901 /* UserRowView.swift in Sources */,
				6A63D457279938210013ADE6 /* LoginView.swift in Sources */,
				6A63D459279938320013ADE6 /* RegistrationView.swift in Sources */,
				6A63D45027992C430013ADE6 /* NewTweetView.swift in Sources */,
				6AF01AC5279206E700F3A901 /* NotificactionsView.swift in Sources */,
				6AF01ABC279204D200F3A901 /* MainTabView.swift in Sources */,
				6AF01AD827969A8500F3A901 /* SlideMenuView.swift in Sources */,
				6AF01ADE27969FED00F3A901 /* UserStatsView.swift in Sources */,
			);
			runOnlyForDeploymentPostprocessing = 0;
		};
/* End PBXSourcesBuildPhase section */

/* Begin XCBuildConfiguration section */
		6AF01AA4279138C400F3A901 /* Debug */ = {
			isa = XCBuildConfiguration;
			buildSettings = {
				ALWAYS_SEARCH_USER_PATHS = NO;
				CLANG_ANALYZER_NONNULL = YES;
				CLANG_ANALYZER_NUMBER_OBJECT_CONVERSION = YES_AGGRESSIVE;
				CLANG_CXX_LANGUAGE_STANDARD = "gnu++17";
				CLANG_CXX_LIBRARY = "libc++";
				CLANG_ENABLE_MODULES = YES;
				CLANG_ENABLE_OBJC_ARC = YES;
				CLANG_ENABLE_OBJC_WEAK = YES;
				CLANG_WARN_BLOCK_CAPTURE_AUTORELEASING = YES;
				CLANG_WARN_BOOL_CONVERSION = YES;
				CLANG_WARN_COMMA = YES;
				CLANG_WARN_CONSTANT_CONVERSION = YES;
				CLANG_WARN_DEPRECATED_OBJC_IMPLEMENTATIONS = YES;
				CLANG_WARN_DIRECT_OBJC_ISA_USAGE = YES_ERROR;
				CLANG_WARN_DOCUMENTATION_COMMENTS = YES;
				CLANG_WARN_EMPTY_BODY = YES;
				CLANG_WARN_ENUM_CONVERSION = YES;
				CLANG_WARN_INFINITE_RECURSION = YES;
				CLANG_WARN_INT_CONVERSION = YES;
				CLANG_WARN_NON_LITERAL_NULL_CONVERSION = YES;
				CLANG_WARN_OBJC_IMPLICIT_RETAIN_SELF = YES;
				CLANG_WARN_OBJC_LITERAL_CONVERSION = YES;
				CLANG_WARN_OBJC_ROOT_CLASS = YES_ERROR;
				CLANG_WARN_QUOTED_INCLUDE_IN_FRAMEWORK_HEADER = YES;
				CLANG_WARN_RANGE_LOOP_ANALYSIS = YES;
				CLANG_WARN_STRICT_PROTOTYPES = YES;
				CLANG_WARN_SUSPICIOUS_MOVE = YES;
				CLANG_WARN_UNGUARDED_AVAILABILITY = YES_AGGRESSIVE;
				CLANG_WARN_UNREACHABLE_CODE = YES;
				CLANG_WARN__DUPLICATE_METHOD_MATCH = YES;
				COPY_PHASE_STRIP = NO;
				DEBUG_INFORMATION_FORMAT = dwarf;
				ENABLE_STRICT_OBJC_MSGSEND = YES;
				ENABLE_TESTABILITY = YES;
				GCC_C_LANGUAGE_STANDARD = gnu11;
				GCC_DYNAMIC_NO_PIC = NO;
				GCC_NO_COMMON_BLOCKS = YES;
				GCC_OPTIMIZATION_LEVEL = 0;
				GCC_PREPROCESSOR_DEFINITIONS = (
					"DEBUG=1",
					"$(inherited)",
				);
				GCC_WARN_64_TO_32_BIT_CONVERSION = YES;
				GCC_WARN_ABOUT_RETURN_TYPE = YES_ERROR;
				GCC_WARN_UNDECLARED_SELECTOR = YES;
				GCC_WARN_UNINITIALIZED_AUTOS = YES_AGGRESSIVE;
				GCC_WARN_UNUSED_FUNCTION = YES;
				GCC_WARN_UNUSED_VARIABLE = YES;
				IPHONEOS_DEPLOYMENT_TARGET = 15.2;
				MTL_ENABLE_DEBUG_INFO = INCLUDE_SOURCE;
				MTL_FAST_MATH = YES;
				ONLY_ACTIVE_ARCH = YES;
				SDKROOT = iphoneos;
				SWIFT_ACTIVE_COMPILATION_CONDITIONS = DEBUG;
				SWIFT_OPTIMIZATION_LEVEL = "-Onone";
			};
			name = Debug;
		};
		6AF01AA5279138C400F3A901 /* Release */ = {
			isa = XCBuildConfiguration;
			buildSettings = {
				ALWAYS_SEARCH_USER_PATHS = NO;
				CLANG_ANALYZER_NONNULL = YES;
				CLANG_ANALYZER_NUMBER_OBJECT_CONVERSION = YES_AGGRESSIVE;
				CLANG_CXX_LANGUAGE_STANDARD = "gnu++17";
				CLANG_CXX_LIBRARY = "libc++";
				CLANG_ENABLE_MODULES = YES;
				CLANG_ENABLE_OBJC_ARC = YES;
				CLANG_ENABLE_OBJC_WEAK = YES;
				CLANG_WARN_BLOCK_CAPTURE_AUTORELEASING = YES;
				CLANG_WARN_BOOL_CONVERSION = YES;
				CLANG_WARN_COMMA = YES;
				CLANG_WARN_CONSTANT_CONVERSION = YES;
				CLANG_WARN_DEPRECATED_OBJC_IMPLEMENTATIONS = YES;
				CLANG_WARN_DIRECT_OBJC_ISA_USAGE = YES_ERROR;
				CLANG_WARN_DOCUMENTATION_COMMENTS = YES;
				CLANG_WARN_EMPTY_BODY = YES;
				CLANG_WARN_ENUM_CONVERSION = YES;
				CLANG_WARN_INFINITE_RECURSION = YES;
				CLANG_WARN_INT_CONVERSION = YES;
				CLANG_WARN_NON_LITERAL_NULL_CONVERSION = YES;
				CLANG_WARN_OBJC_IMPLICIT_RETAIN_SELF = YES;
				CLANG_WARN_OBJC_LITERAL_CONVERSION = YES;
				CLANG_WARN_OBJC_ROOT_CLASS = YES_ERROR;
				CLANG_WARN_QUOTED_INCLUDE_IN_FRAMEWORK_HEADER = YES;
				CLANG_WARN_RANGE_LOOP_ANALYSIS = YES;
				CLANG_WARN_STRICT_PROTOTYPES = YES;
				CLANG_WARN_SUSPICIOUS_MOVE = YES;
				CLANG_WARN_UNGUARDED_AVAILABILITY = YES_AGGRESSIVE;
				CLANG_WARN_UNREACHABLE_CODE = YES;
				CLANG_WARN__DUPLICATE_METHOD_MATCH = YES;
				COPY_PHASE_STRIP = NO;
				DEBUG_INFORMATION_FORMAT = "dwarf-with-dsym";
				ENABLE_NS_ASSERTIONS = NO;
				ENABLE_STRICT_OBJC_MSGSEND = YES;
				GCC_C_LANGUAGE_STANDARD = gnu11;
				GCC_NO_COMMON_BLOCKS = YES;
				GCC_WARN_64_TO_32_BIT_CONVERSION = YES;
				GCC_WARN_ABOUT_RETURN_TYPE = YES_ERROR;
				GCC_WARN_UNDECLARED_SELECTOR = YES;
				GCC_WARN_UNINITIALIZED_AUTOS = YES_AGGRESSIVE;
				GCC_WARN_UNUSED_FUNCTION = YES;
				GCC_WARN_UNUSED_VARIABLE = YES;
				IPHONEOS_DEPLOYMENT_TARGET = 15.2;
				MTL_ENABLE_DEBUG_INFO = NO;
				MTL_FAST_MATH = YES;
				SDKROOT = iphoneos;
				SWIFT_COMPILATION_MODE = wholemodule;
				SWIFT_OPTIMIZATION_LEVEL = "-O";
				VALIDATE_PRODUCT = YES;
			};
			name = Release;
		};
		6AF01AA7279138C400F3A901 /* Debug */ = {
			isa = XCBuildConfiguration;
			buildSettings = {
				ASSETCATALOG_COMPILER_APPICON_NAME = AppIcon;
				ASSETCATALOG_COMPILER_GLOBAL_ACCENT_COLOR_NAME = AccentColor;
				CODE_SIGN_STYLE = Automatic;
				CURRENT_PROJECT_VERSION = 1;
				DEVELOPMENT_ASSET_PATHS = "\"Twitter/Preview Content\"";
				DEVELOPMENT_TEAM = 9TM8LY638F;
				ENABLE_PREVIEWS = YES;
				GENERATE_INFOPLIST_FILE = YES;
				INFOPLIST_KEY_UIApplicationSceneManifest_Generation = YES;
				INFOPLIST_KEY_UIApplicationSupportsIndirectInputEvents = YES;
				INFOPLIST_KEY_UILaunchScreen_Generation = YES;
				INFOPLIST_KEY_UISupportedInterfaceOrientations_iPad = "UIInterfaceOrientationPortrait UIInterfaceOrientationPortraitUpsideDown UIInterfaceOrientationLandscapeLeft UIInterfaceOrientationLandscapeRight";
				INFOPLIST_KEY_UISupportedInterfaceOrientations_iPhone = "UIInterfaceOrientationPortrait UIInterfaceOrientationLandscapeLeft UIInterfaceOrientationLandscapeRight";
				LD_RUNPATH_SEARCH_PATHS = (
					"$(inherited)",
					"@executable_path/Frameworks",
				);
				MARKETING_VERSION = 1.0;
				PRODUCT_BUNDLE_IDENTIFIER = isaac.Twitter;
				PRODUCT_NAME = "$(TARGET_NAME)";
				SWIFT_EMIT_LOC_STRINGS = YES;
				SWIFT_VERSION = 5.0;
				TARGETED_DEVICE_FAMILY = "1,2";
			};
			name = Debug;
		};
		6AF01AA8279138C400F3A901 /* Release */ = {
			isa = XCBuildConfiguration;
			buildSettings = {
				ASSETCATALOG_COMPILER_APPICON_NAME = AppIcon;
				ASSETCATALOG_COMPILER_GLOBAL_ACCENT_COLOR_NAME = AccentColor;
				CODE_SIGN_STYLE = Automatic;
				CURRENT_PROJECT_VERSION = 1;
				DEVELOPMENT_ASSET_PATHS = "\"Twitter/Preview Content\"";
				DEVELOPMENT_TEAM = 9TM8LY638F;
				ENABLE_PREVIEWS = YES;
				GENERATE_INFOPLIST_FILE = YES;
				INFOPLIST_KEY_UIApplicationSceneManifest_Generation = YES;
				INFOPLIST_KEY_UIApplicationSupportsIndirectInputEvents = YES;
				INFOPLIST_KEY_UILaunchScreen_Generation = YES;
				INFOPLIST_KEY_UISupportedInterfaceOrientations_iPad = "UIInterfaceOrientationPortrait UIInterfaceOrientationPortraitUpsideDown UIInterfaceOrientationLandscapeLeft UIInterfaceOrientationLandscapeRight";
				INFOPLIST_KEY_UISupportedInterfaceOrientations_iPhone = "UIInterfaceOrientationPortrait UIInterfaceOrientationLandscapeLeft UIInterfaceOrientationLandscapeRight";
				LD_RUNPATH_SEARCH_PATHS = (
					"$(inherited)",
					"@executable_path/Frameworks",
				);
				MARKETING_VERSION = 1.0;
				PRODUCT_BUNDLE_IDENTIFIER = isaac.Twitter;
				PRODUCT_NAME = "$(TARGET_NAME)";
				SWIFT_EMIT_LOC_STRINGS = YES;
				SWIFT_VERSION = 5.0;
				TARGETED_DEVICE_FAMILY = "1,2";
			};
			name = Release;
		};
/* End XCBuildConfiguration section */

/* Begin XCConfigurationList section */
		6AF01A93279138C200F3A901 /* Build configuration list for PBXProject "Twitter" */ = {
			isa = XCConfigurationList;
			buildConfigurations = (
				6AF01AA4279138C400F3A901 /* Debug */,
				6AF01AA5279138C400F3A901 /* Release */,
			);
			defaultConfigurationIsVisible = 0;
			defaultConfigurationName = Release;
		};
		6AF01AA6279138C400F3A901 /* Build configuration list for PBXNativeTarget "Twitter" */ = {
			isa = XCConfigurationList;
			buildConfigurations = (
				6AF01AA7279138C400F3A901 /* Debug */,
				6AF01AA8279138C400F3A901 /* Release */,
			);
			defaultConfigurationIsVisible = 0;
			defaultConfigurationName = Release;
		};
/* End XCConfigurationList section */
	};
	rootObject = 6AF01A90279138C200F3A901 /* Project object */;
}
